
Microsoft Visual Studio Solution File, Format Version 12.00
# Visual Studio Version 16
VisualStudioVersion = 16.0.32602.291
MinimumVisualStudioVersion = 10.0.40219.1
Project("{FAE04EC0-301F-11D3-BF4B-00C04F79EFBC}") = "Office", "Office\Office.csproj", "{ED4D30F5-BAFE-42F0-A96A-0000C597041E}"
EndProject
Global
	GlobalSection(SolutionConfigurationPlatforms) = preSolution
		Debug|Any CPU = Debug|Any CPU
		Release|Any CPU = Release|Any CPU
	EndGlobalSection
	GlobalSection(ProjectConfigurationPlatforms) = postSolution
		{ED4D30F5-BAFE-42F0-A96A-0000C597041E}.Debug|Any CPU.ActiveCfg = Debug|Any CPU
		{ED4D30F5-BAFE-42F0-A96A-0000C597041E}.Debug|Any CPU.Build.0 = Debug|Any CPU
		{ED4D30F5-BAFE-42F0-A96A-0000C597041E}.Release|Any CPU.ActiveCfg = Release|Any CPU
		{ED4D30F5-BAFE-42F0-A96A-0000C597041E}.Release|Any CPU.Build.0 = Release|Any CPU
	EndGlobalSection
	GlobalSection(SolutionProperties) = preSolution
		HideSolutionNode = FALSE
	EndGlobalSection
	GlobalSection(ExtensibilityGlobals) = postSolution
		SolutionGuid = {E2E710A2-1937-4873-9C26-F461FCC4B477}
	EndGlobalSection
EndGlobal
